// !$*UTF8*$!
{
	archiveVersion = 1;
	classes = {
	};
	objectVersion = 56;
	objects = {

/* Begin PBXBuildFile section */
		335580092B7F5E2F00974CF7 /* AppDelegate.swift in Sources */ = {isa = PBXBuildFile; fileRef = 335580082B7F5E2F00974CF7 /* AppDelegate.swift */; };
		3355800B2B7F5E2F00974CF7 /* SceneDelegate.swift in Sources */ = {isa = PBXBuildFile; fileRef = 3355800A2B7F5E2F00974CF7 /* SceneDelegate.swift */; };
		3355800D2B7F5E2F00974CF7 /* ViewController.swift in Sources */ = {isa = PBXBuildFile; fileRef = 3355800C2B7F5E2F00974CF7 /* ViewController.swift */; };
		335580102B7F5E2F00974CF7 /* Main.storyboard in Resources */ = {isa = PBXBuildFile; fileRef = 3355800E2B7F5E2F00974CF7 /* Main.storyboard */; };
		335580122B7F5E3000974CF7 /* Assets.xcassets in Resources */ = {isa = PBXBuildFile; fileRef = 335580112B7F5E3000974CF7 /* Assets.xcassets */; };
		335580152B7F5E3000974CF7 /* LaunchScreen.storyboard in Resources */ = {isa = PBXBuildFile; fileRef = 335580132B7F5E3000974CF7 /* LaunchScreen.storyboard */; };
		335580202B7F5E3000974CF7 /* coffee_shopTests.swift in Sources */ = {isa = PBXBuildFile; fileRef = 3355801F2B7F5E3000974CF7 /* coffee_shopTests.swift */; };
		3355802A2B7F5E3000974CF7 /* coffee_shopUITests.swift in Sources */ = {isa = PBXBuildFile; fileRef = 335580292B7F5E3000974CF7 /* coffee_shopUITests.swift */; };
		3355802C2B7F5E3000974CF7 /* coffee_shopUITestsLaunchTests.swift in Sources */ = {isa = PBXBuildFile; fileRef = 3355802B2B7F5E3000974CF7 /* coffee_shopUITestsLaunchTests.swift */; };
		335580412B7F614A00974CF7 /* OnboardViewController.swift in Sources */ = {isa = PBXBuildFile; fileRef = 335580402B7F614A00974CF7 /* OnboardViewController.swift */; };
		335580432B7F616400974CF7 /* HomeViewController.swift in Sources */ = {isa = PBXBuildFile; fileRef = 335580422B7F616400974CF7 /* HomeViewController.swift */; };
		335580452B7F618300974CF7 /* DetailViewController.swift in Sources */ = {isa = PBXBuildFile; fileRef = 335580442B7F618300974CF7 /* DetailViewController.swift */; };
		335580472B7F619000974CF7 /* OrderViewController.swift in Sources */ = {isa = PBXBuildFile; fileRef = 335580462B7F619000974CF7 /* OrderViewController.swift */; };
		335580492B7F619D00974CF7 /* DeliveryViewController.swift in Sources */ = {isa = PBXBuildFile; fileRef = 335580482B7F619D00974CF7 /* DeliveryViewController.swift */; };
		3355804B2B7F63F400974CF7 /* OnboardViewController.storyboard in Resources */ = {isa = PBXBuildFile; fileRef = 3355804A2B7F63F400974CF7 /* OnboardViewController.storyboard */; };
		338F05802B833FF700123EA3 /* MenuTabViewController.swift in Sources */ = {isa = PBXBuildFile; fileRef = 338F057F2B833FF700123EA3 /* MenuTabViewController.swift */; };
		C0B95B4B2B9569F600DDB471 /* DetailViewController+Price.swift in Sources */ = {isa = PBXBuildFile; fileRef = C0B95B4A2B9569F600DDB471 /* DetailViewController+Price.swift */; };
		C0B95B4D2B95BF1400DDB471 /* DetailViewController+Coffee.swift in Sources */ = {isa = PBXBuildFile; fileRef = C0B95B4C2B95BF1400DDB471 /* DetailViewController+Coffee.swift */; };
		C0B95B4F2B95CAA200DDB471 /* DetailViewController+Divider.swift in Sources */ = {isa = PBXBuildFile; fileRef = C0B95B4E2B95CAA200DDB471 /* DetailViewController+Divider.swift */; };
		C0C4CE0B2B84AD4C00C5A5CA /* MenuTabViewController+SearchBar.swift in Sources */ = {isa = PBXBuildFile; fileRef = C0C4CE0A2B84AD4C00C5A5CA /* MenuTabViewController+SearchBar.swift */; };
		C0C4CE0D2B84AD8700C5A5CA /* MenuTabViewController+Location+Avatar.swift in Sources */ = {isa = PBXBuildFile; fileRef = C0C4CE0C2B84AD8700C5A5CA /* MenuTabViewController+Location+Avatar.swift */; };
		C0C4CE0F2B84ADAC00C5A5CA /* MenuTabViewController+Promote.swift in Sources */ = {isa = PBXBuildFile; fileRef = C0C4CE0E2B84ADAC00C5A5CA /* MenuTabViewController+Promote.swift */; };
		C0C4CE112B84ADC100C5A5CA /* MenuTabViewController+CoffeeMenu.swift in Sources */ = {isa = PBXBuildFile; fileRef = C0C4CE102B84ADC100C5A5CA /* MenuTabViewController+CoffeeMenu.swift */; };
		C0D1B2082B996DF70085AD51 /* OrderViewController+Discount.swift in Sources */ = {isa = PBXBuildFile; fileRef = C0D1B2072B996DF70085AD51 /* OrderViewController+Discount.swift */; };
		C0D1B20A2B9973350085AD51 /* OrderViewController+TotalPayment.swift in Sources */ = {isa = PBXBuildFile; fileRef = C0D1B2092B9973350085AD51 /* OrderViewController+TotalPayment.swift */; };
		C0D1B20C2B99BC850085AD51 /* DeliveryTrackingViewController.swift in Sources */ = {isa = PBXBuildFile; fileRef = C0D1B20B2B99BC850085AD51 /* DeliveryTrackingViewController.swift */; };
		C0D8E1322BA00F85004CC8D2 /* ShipperAnnotation.swift in Sources */ = {isa = PBXBuildFile; fileRef = C0D8E1312BA00F85004CC8D2 /* ShipperAnnotation.swift */; };
		C0D8E1352BA0156C004CC8D2 /* AnnotationUserView.swift in Sources */ = {isa = PBXBuildFile; fileRef = C0D8E1342BA0156C004CC8D2 /* AnnotationUserView.swift */; };
		C0D8E1372BA01694004CC8D2 /* AnnotationShipperView.swift in Sources */ = {isa = PBXBuildFile; fileRef = C0D8E1362BA01694004CC8D2 /* AnnotationShipperView.swift */; };
		C0D90CAB2B98183A000238B5 /* OrderViewController+OrderDelivery.swift in Sources */ = {isa = PBXBuildFile; fileRef = C0D90CAA2B98183A000238B5 /* OrderViewController+OrderDelivery.swift */; };
		C0D90CAD2B98732F000238B5 /* OrderViewController+Address.swift in Sources */ = {isa = PBXBuildFile; fileRef = C0D90CAC2B98732F000238B5 /* OrderViewController+Address.swift */; };
		C0D90CAF2B988069000238B5 /* OrderViewController+CoffeeNumber.swift in Sources */ = {isa = PBXBuildFile; fileRef = C0D90CAE2B988069000238B5 /* OrderViewController+CoffeeNumber.swift */; };
		C0E230562BA14D51004C902D /* DeliveryViewController+Actions.swift in Sources */ = {isa = PBXBuildFile; fileRef = C0E230552BA14D51004C902D /* DeliveryViewController+Actions.swift */; };
		C0E934272B96D4B400C544D7 /* DetailViewController+Ratings.swift in Sources */ = {isa = PBXBuildFile; fileRef = C0E934262B96D4B400C544D7 /* DetailViewController+Ratings.swift */; };
		C0E934292B96FFFD00C544D7 /* DetailViewController+DescriptionCoffee.swift in Sources */ = {isa = PBXBuildFile; fileRef = C0E934282B96FFFD00C544D7 /* DetailViewController+DescriptionCoffee.swift */; };
		C0E9342B2B97076D00C544D7 /* DetailViewController+Size.swift in Sources */ = {isa = PBXBuildFile; fileRef = C0E9342A2B97076D00C544D7 /* DetailViewController+Size.swift */; };
		C0F5D2892B8C341A006EB2D1 /* CoffeeCategory.swift in Sources */ = {isa = PBXBuildFile; fileRef = C0F5D2882B8C341A006EB2D1 /* CoffeeCategory.swift */; };
		C0F5D28B2B8C34E5006EB2D1 /* CoffeeMenu.swift in Sources */ = {isa = PBXBuildFile; fileRef = C0F5D28A2B8C34E5006EB2D1 /* CoffeeMenu.swift */; };
		C0F5D28E2B8C6BF4006EB2D1 /* ItemCoffeeView.swift in Sources */ = {isa = PBXBuildFile; fileRef = C0F5D28D2B8C6BF4006EB2D1 /* ItemCoffeeView.swift */; };
		C0F5D2912B8CA0AC006EB2D1 /* ListCoffeeOption.swift in Sources */ = {isa = PBXBuildFile; fileRef = C0F5D2902B8CA0AC006EB2D1 /* ListCoffeeOption.swift */; };
/* End PBXBuildFile section */

/* Begin PBXContainerItemProxy section */
		3355801C2B7F5E3000974CF7 /* PBXContainerItemProxy */ = {
			isa = PBXContainerItemProxy;
			containerPortal = 33557FFD2B7F5E2F00974CF7 /* Project object */;
			proxyType = 1;
			remoteGlobalIDString = 335580042B7F5E2F00974CF7;
			remoteInfo = coffee_shop;
		};
		335580262B7F5E3000974CF7 /* PBXContainerItemProxy */ = {
			isa = PBXContainerItemProxy;
			containerPortal = 33557FFD2B7F5E2F00974CF7 /* Project object */;
			proxyType = 1;
			remoteGlobalIDString = 335580042B7F5E2F00974CF7;
			remoteInfo = coffee_shop;
		};
/* End PBXContainerItemProxy section */

/* Begin PBXFileReference section */
		335580052B7F5E2F00974CF7 /* coffee_shop.app */ = {isa = PBXFileReference; explicitFileType = wrapper.application; includeInIndex = 0; path = coffee_shop.app; sourceTree = BUILT_PRODUCTS_DIR; };
		335580082B7F5E2F00974CF7 /* AppDelegate.swift */ = {isa = PBXFileReference; lastKnownFileType = sourcecode.swift; path = AppDelegate.swift; sourceTree = "<group>"; };
		3355800A2B7F5E2F00974CF7 /* SceneDelegate.swift */ = {isa = PBXFileReference; lastKnownFileType = sourcecode.swift; path = SceneDelegate.swift; sourceTree = "<group>"; };
		3355800C2B7F5E2F00974CF7 /* ViewController.swift */ = {isa = PBXFileReference; lastKnownFileType = sourcecode.swift; path = ViewController.swift; sourceTree = "<group>"; };
		3355800F2B7F5E2F00974CF7 /* Base */ = {isa = PBXFileReference; lastKnownFileType = file.storyboard; name = Base; path = Base.lproj/Main.storyboard; sourceTree = "<group>"; };
		335580112B7F5E3000974CF7 /* Assets.xcassets */ = {isa = PBXFileReference; lastKnownFileType = folder.assetcatalog; path = Assets.xcassets; sourceTree = "<group>"; };
		335580142B7F5E3000974CF7 /* Base */ = {isa = PBXFileReference; lastKnownFileType = file.storyboard; name = Base; path = Base.lproj/LaunchScreen.storyboard; sourceTree = "<group>"; };
		335580162B7F5E3000974CF7 /* Info.plist */ = {isa = PBXFileReference; lastKnownFileType = text.plist.xml; path = Info.plist; sourceTree = "<group>"; };
		3355801B2B7F5E3000974CF7 /* coffee_shopTests.xctest */ = {isa = PBXFileReference; explicitFileType = wrapper.cfbundle; includeInIndex = 0; path = coffee_shopTests.xctest; sourceTree = BUILT_PRODUCTS_DIR; };
		3355801F2B7F5E3000974CF7 /* coffee_shopTests.swift */ = {isa = PBXFileReference; lastKnownFileType = sourcecode.swift; path = coffee_shopTests.swift; sourceTree = "<group>"; };
		335580252B7F5E3000974CF7 /* coffee_shopUITests.xctest */ = {isa = PBXFileReference; explicitFileType = wrapper.cfbundle; includeInIndex = 0; path = coffee_shopUITests.xctest; sourceTree = BUILT_PRODUCTS_DIR; };
		335580292B7F5E3000974CF7 /* coffee_shopUITests.swift */ = {isa = PBXFileReference; lastKnownFileType = sourcecode.swift; path = coffee_shopUITests.swift; sourceTree = "<group>"; };
		3355802B2B7F5E3000974CF7 /* coffee_shopUITestsLaunchTests.swift */ = {isa = PBXFileReference; lastKnownFileType = sourcecode.swift; path = coffee_shopUITestsLaunchTests.swift; sourceTree = "<group>"; };
		335580402B7F614A00974CF7 /* OnboardViewController.swift */ = {isa = PBXFileReference; lastKnownFileType = sourcecode.swift; path = OnboardViewController.swift; sourceTree = "<group>"; };
		335580422B7F616400974CF7 /* HomeViewController.swift */ = {isa = PBXFileReference; lastKnownFileType = sourcecode.swift; path = HomeViewController.swift; sourceTree = "<group>"; };
		335580442B7F618300974CF7 /* DetailViewController.swift */ = {isa = PBXFileReference; lastKnownFileType = sourcecode.swift; path = DetailViewController.swift; sourceTree = "<group>"; };
		335580462B7F619000974CF7 /* OrderViewController.swift */ = {isa = PBXFileReference; lastKnownFileType = sourcecode.swift; path = OrderViewController.swift; sourceTree = "<group>"; };
		335580482B7F619D00974CF7 /* DeliveryViewController.swift */ = {isa = PBXFileReference; lastKnownFileType = sourcecode.swift; path = DeliveryViewController.swift; sourceTree = "<group>"; };
		3355804A2B7F63F400974CF7 /* OnboardViewController.storyboard */ = {isa = PBXFileReference; lastKnownFileType = file.storyboard; path = OnboardViewController.storyboard; sourceTree = "<group>"; };
		338F057F2B833FF700123EA3 /* MenuTabViewController.swift */ = {isa = PBXFileReference; lastKnownFileType = sourcecode.swift; path = MenuTabViewController.swift; sourceTree = "<group>"; };
		C0B95B4A2B9569F600DDB471 /* DetailViewController+Price.swift */ = {isa = PBXFileReference; lastKnownFileType = sourcecode.swift; path = "DetailViewController+Price.swift"; sourceTree = "<group>"; };
		C0B95B4C2B95BF1400DDB471 /* DetailViewController+Coffee.swift */ = {isa = PBXFileReference; lastKnownFileType = sourcecode.swift; path = "DetailViewController+Coffee.swift"; sourceTree = "<group>"; };
		C0B95B4E2B95CAA200DDB471 /* DetailViewController+Divider.swift */ = {isa = PBXFileReference; lastKnownFileType = sourcecode.swift; path = "DetailViewController+Divider.swift"; sourceTree = "<group>"; };
		C0C4CE0A2B84AD4C00C5A5CA /* MenuTabViewController+SearchBar.swift */ = {isa = PBXFileReference; lastKnownFileType = sourcecode.swift; path = "MenuTabViewController+SearchBar.swift"; sourceTree = "<group>"; };
		C0C4CE0C2B84AD8700C5A5CA /* MenuTabViewController+Location+Avatar.swift */ = {isa = PBXFileReference; lastKnownFileType = sourcecode.swift; path = "MenuTabViewController+Location+Avatar.swift"; sourceTree = "<group>"; };
		C0C4CE0E2B84ADAC00C5A5CA /* MenuTabViewController+Promote.swift */ = {isa = PBXFileReference; lastKnownFileType = sourcecode.swift; path = "MenuTabViewController+Promote.swift"; sourceTree = "<group>"; };
		C0C4CE102B84ADC100C5A5CA /* MenuTabViewController+CoffeeMenu.swift */ = {isa = PBXFileReference; lastKnownFileType = sourcecode.swift; path = "MenuTabViewController+CoffeeMenu.swift"; sourceTree = "<group>"; };
		C0D1B2072B996DF70085AD51 /* OrderViewController+Discount.swift */ = {isa = PBXFileReference; lastKnownFileType = sourcecode.swift; path = "OrderViewController+Discount.swift"; sourceTree = "<group>"; };
		C0D1B2092B9973350085AD51 /* OrderViewController+TotalPayment.swift */ = {isa = PBXFileReference; lastKnownFileType = sourcecode.swift; path = "OrderViewController+TotalPayment.swift"; sourceTree = "<group>"; };
		C0D1B20B2B99BC850085AD51 /* DeliveryTrackingViewController.swift */ = {isa = PBXFileReference; lastKnownFileType = sourcecode.swift; path = DeliveryTrackingViewController.swift; sourceTree = "<group>"; };
		C0D8E1312BA00F85004CC8D2 /* ShipperAnnotation.swift */ = {isa = PBXFileReference; lastKnownFileType = sourcecode.swift; path = ShipperAnnotation.swift; sourceTree = "<group>"; };
		C0D8E1342BA0156C004CC8D2 /* AnnotationUserView.swift */ = {isa = PBXFileReference; lastKnownFileType = sourcecode.swift; path = AnnotationUserView.swift; sourceTree = "<group>"; };
		C0D8E1362BA01694004CC8D2 /* AnnotationShipperView.swift */ = {isa = PBXFileReference; lastKnownFileType = sourcecode.swift; path = AnnotationShipperView.swift; sourceTree = "<group>"; };
		C0D90CAA2B98183A000238B5 /* OrderViewController+OrderDelivery.swift */ = {isa = PBXFileReference; lastKnownFileType = sourcecode.swift; path = "OrderViewController+OrderDelivery.swift"; sourceTree = "<group>"; };
		C0D90CAC2B98732F000238B5 /* OrderViewController+Address.swift */ = {isa = PBXFileReference; lastKnownFileType = sourcecode.swift; path = "OrderViewController+Address.swift"; sourceTree = "<group>"; };
		C0D90CAE2B988069000238B5 /* OrderViewController+CoffeeNumber.swift */ = {isa = PBXFileReference; lastKnownFileType = sourcecode.swift; path = "OrderViewController+CoffeeNumber.swift"; sourceTree = "<group>"; };
		C0D98BF02B9EB3E10094EDBE /* coffee_shop.entitlements */ = {isa = PBXFileReference; lastKnownFileType = text.plist.entitlements; path = coffee_shop.entitlements; sourceTree = "<group>"; };
		C0E230552BA14D51004C902D /* DeliveryViewController+Actions.swift */ = {isa = PBXFileReference; lastKnownFileType = sourcecode.swift; path = "DeliveryViewController+Actions.swift"; sourceTree = "<group>"; };
		C0E934262B96D4B400C544D7 /* DetailViewController+Ratings.swift */ = {isa = PBXFileReference; lastKnownFileType = sourcecode.swift; path = "DetailViewController+Ratings.swift"; sourceTree = "<group>"; };
		C0E934282B96FFFD00C544D7 /* DetailViewController+DescriptionCoffee.swift */ = {isa = PBXFileReference; lastKnownFileType = sourcecode.swift; path = "DetailViewController+DescriptionCoffee.swift"; sourceTree = "<group>"; };
		C0E9342A2B97076D00C544D7 /* DetailViewController+Size.swift */ = {isa = PBXFileReference; lastKnownFileType = sourcecode.swift; path = "DetailViewController+Size.swift"; sourceTree = "<group>"; };
		C0F5D2882B8C341A006EB2D1 /* CoffeeCategory.swift */ = {isa = PBXFileReference; lastKnownFileType = sourcecode.swift; path = CoffeeCategory.swift; sourceTree = "<group>"; };
		C0F5D28A2B8C34E5006EB2D1 /* CoffeeMenu.swift */ = {isa = PBXFileReference; lastKnownFileType = sourcecode.swift; path = CoffeeMenu.swift; sourceTree = "<group>"; };
		C0F5D28D2B8C6BF4006EB2D1 /* ItemCoffeeView.swift */ = {isa = PBXFileReference; lastKnownFileType = sourcecode.swift; path = ItemCoffeeView.swift; sourceTree = "<group>"; };
		C0F5D2902B8CA0AC006EB2D1 /* ListCoffeeOption.swift */ = {isa = PBXFileReference; lastKnownFileType = sourcecode.swift; path = ListCoffeeOption.swift; sourceTree = "<group>"; };
/* End PBXFileReference section */

/* Begin PBXFrameworksBuildPhase section */
		335580022B7F5E2F00974CF7 /* Frameworks */ = {
			isa = PBXFrameworksBuildPhase;
			buildActionMask = 2147483647;
			files = (
			);
			runOnlyForDeploymentPostprocessing = 0;
		};
		335580182B7F5E3000974CF7 /* Frameworks */ = {
			isa = PBXFrameworksBuildPhase;
			buildActionMask = 2147483647;
			files = (
			);
			runOnlyForDeploymentPostprocessing = 0;
		};
		335580222B7F5E3000974CF7 /* Frameworks */ = {
			isa = PBXFrameworksBuildPhase;
			buildActionMask = 2147483647;
			files = (
			);
			runOnlyForDeploymentPostprocessing = 0;
		};
/* End PBXFrameworksBuildPhase section */

/* Begin PBXGroup section */
		33557FFC2B7F5E2F00974CF7 = {
			isa = PBXGroup;
			children = (
				335580072B7F5E2F00974CF7 /* coffee_shop */,
				3355801E2B7F5E3000974CF7 /* coffee_shopTests */,
				335580282B7F5E3000974CF7 /* coffee_shopUITests */,
				335580062B7F5E2F00974CF7 /* Products */,
			);
			sourceTree = "<group>";
		};
		335580062B7F5E2F00974CF7 /* Products */ = {
			isa = PBXGroup;
			children = (
				335580052B7F5E2F00974CF7 /* coffee_shop.app */,
				3355801B2B7F5E3000974CF7 /* coffee_shopTests.xctest */,
				335580252B7F5E3000974CF7 /* coffee_shopUITests.xctest */,
			);
			name = Products;
			sourceTree = "<group>";
		};
		335580072B7F5E2F00974CF7 /* coffee_shop */ = {
			isa = PBXGroup;
			children = (
				C0D98BF02B9EB3E10094EDBE /* coffee_shop.entitlements */,
				335580382B7F5F5F00974CF7 /* Application */,
				335580112B7F5E3000974CF7 /* Assets.xcassets */,
				335580162B7F5E3000974CF7 /* Info.plist */,
				3355803A2B7F604B00974CF7 /* Scenes */,
				335580392B7F5F7F00974CF7 /* Supporting Files */,
			);
			path = coffee_shop;
			sourceTree = "<group>";
		};
		3355801E2B7F5E3000974CF7 /* coffee_shopTests */ = {
			isa = PBXGroup;
			children = (
				3355801F2B7F5E3000974CF7 /* coffee_shopTests.swift */,
			);
			path = coffee_shopTests;
			sourceTree = "<group>";
		};
		335580282B7F5E3000974CF7 /* coffee_shopUITests */ = {
			isa = PBXGroup;
			children = (
				335580292B7F5E3000974CF7 /* coffee_shopUITests.swift */,
				3355802B2B7F5E3000974CF7 /* coffee_shopUITestsLaunchTests.swift */,
			);
			path = coffee_shopUITests;
			sourceTree = "<group>";
		};
		335580382B7F5F5F00974CF7 /* Application */ = {
			isa = PBXGroup;
			children = (
				335580082B7F5E2F00974CF7 /* AppDelegate.swift */,
				3355800A2B7F5E2F00974CF7 /* SceneDelegate.swift */,
				3355800C2B7F5E2F00974CF7 /* ViewController.swift */,
			);
			path = Application;
			sourceTree = "<group>";
		};
		335580392B7F5F7F00974CF7 /* Supporting Files */ = {
			isa = PBXGroup;
			children = (
				3355800E2B7F5E2F00974CF7 /* Main.storyboard */,
				335580132B7F5E3000974CF7 /* LaunchScreen.storyboard */,
			);
			path = "Supporting Files";
			sourceTree = "<group>";
		};
		3355803A2B7F604B00974CF7 /* Scenes */ = {
			isa = PBXGroup;
			children = (
				3355803F2B7F60E300974CF7 /* Delivery */,
				3355803E2B7F60DA00974CF7 /* Order */,
				3355803D2B7F60D300974CF7 /* Detail */,
				3355803C2B7F60C100974CF7 /* Home */,
				3355803B2B7F605E00974CF7 /* Onboarding */,
			);
			path = Scenes;
			sourceTree = "<group>";
		};
		3355803B2B7F605E00974CF7 /* Onboarding */ = {
			isa = PBXGroup;
			children = (
				335580402B7F614A00974CF7 /* OnboardViewController.swift */,
				3355804A2B7F63F400974CF7 /* OnboardViewController.storyboard */,
			);
			path = Onboarding;
			sourceTree = "<group>";
		};
		3355803C2B7F60C100974CF7 /* Home */ = {
			isa = PBXGroup;
			children = (
				C0F5D28F2B8CA093006EB2D1 /* ListMenuCoffeeCustom */,
				C0F5D28C2B8C6BCB006EB2D1 /* ItemView */,
				C0F5D2872B8C3409006EB2D1 /* Model */,
				338F057E2B833FE200123EA3 /* MenuTab */,
				335580422B7F616400974CF7 /* HomeViewController.swift */,
			);
			path = Home;
			sourceTree = "<group>";
		};
		3355803D2B7F60D300974CF7 /* Detail */ = {
			isa = PBXGroup;
			children = (
				335580442B7F618300974CF7 /* DetailViewController.swift */,
				C0B95B4A2B9569F600DDB471 /* DetailViewController+Price.swift */,
				C0B95B4C2B95BF1400DDB471 /* DetailViewController+Coffee.swift */,
				C0B95B4E2B95CAA200DDB471 /* DetailViewController+Divider.swift */,
				C0E934262B96D4B400C544D7 /* DetailViewController+Ratings.swift */,
				C0E934282B96FFFD00C544D7 /* DetailViewController+DescriptionCoffee.swift */,
				C0E9342A2B97076D00C544D7 /* DetailViewController+Size.swift */,
			);
			path = Detail;
			sourceTree = "<group>";
		};
		3355803E2B7F60DA00974CF7 /* Order */ = {
			isa = PBXGroup;
			children = (
				335580462B7F619000974CF7 /* OrderViewController.swift */,
				C0D90CAA2B98183A000238B5 /* OrderViewController+OrderDelivery.swift */,
				C0D90CAC2B98732F000238B5 /* OrderViewController+Address.swift */,
				C0D90CAE2B988069000238B5 /* OrderViewController+CoffeeNumber.swift */,
				C0D1B2072B996DF70085AD51 /* OrderViewController+Discount.swift */,
				C0D1B2092B9973350085AD51 /* OrderViewController+TotalPayment.swift */,
			);
			path = Order;
			sourceTree = "<group>";
		};
		3355803F2B7F60E300974CF7 /* Delivery */ = {
			isa = PBXGroup;
			children = (
				C0D8E1332BA0155B004CC8D2 /* AnnotaionsView */,
				C0D8E12E2BA00F5F004CC8D2 /* Annotations */,
				335580482B7F619D00974CF7 /* DeliveryViewController.swift */,
				C0D1B20B2B99BC850085AD51 /* DeliveryTrackingViewController.swift */,
				C0E230552BA14D51004C902D /* DeliveryViewController+Actions.swift */,
			);
			path = Delivery;
			sourceTree = "<group>";
		};
		338F057E2B833FE200123EA3 /* MenuTab */ = {
			isa = PBXGroup;
			children = (
				338F057F2B833FF700123EA3 /* MenuTabViewController.swift */,
				C0C4CE0A2B84AD4C00C5A5CA /* MenuTabViewController+SearchBar.swift */,
				C0C4CE0C2B84AD8700C5A5CA /* MenuTabViewController+Location+Avatar.swift */,
				C0C4CE0E2B84ADAC00C5A5CA /* MenuTabViewController+Promote.swift */,
				C0C4CE102B84ADC100C5A5CA /* MenuTabViewController+CoffeeMenu.swift */,
			);
			path = MenuTab;
			sourceTree = "<group>";
		};
		C0D8E12E2BA00F5F004CC8D2 /* Annotations */ = {
			isa = PBXGroup;
			children = (
				C0D8E1312BA00F85004CC8D2 /* ShipperAnnotation.swift */,
			);
			path = Annotations;
			sourceTree = "<group>";
		};
		C0D8E1332BA0155B004CC8D2 /* AnnotaionsView */ = {
			isa = PBXGroup;
			children = (
				C0D8E1342BA0156C004CC8D2 /* AnnotationUserView.swift */,
				C0D8E1362BA01694004CC8D2 /* AnnotationShipperView.swift */,
			);
			path = AnnotaionsView;
			sourceTree = "<group>";
		};
		C0F5D2872B8C3409006EB2D1 /* Model */ = {
			isa = PBXGroup;
			children = (
				C0F5D2882B8C341A006EB2D1 /* CoffeeCategory.swift */,
				C0F5D28A2B8C34E5006EB2D1 /* CoffeeMenu.swift */,
			);
			path = Model;
			sourceTree = "<group>";
		};
		C0F5D28C2B8C6BCB006EB2D1 /* ItemView */ = {
			isa = PBXGroup;
			children = (
				C0F5D28D2B8C6BF4006EB2D1 /* ItemCoffeeView.swift */,
			);
			path = ItemView;
			sourceTree = "<group>";
		};
		C0F5D28F2B8CA093006EB2D1 /* ListMenuCoffeeCustom */ = {
			isa = PBXGroup;
			children = (
				C0F5D2902B8CA0AC006EB2D1 /* ListCoffeeOption.swift */,
			);
			path = ListMenuCoffeeCustom;
			sourceTree = "<group>";
		};
/* End PBXGroup section */

/* Begin PBXNativeTarget section */
		335580042B7F5E2F00974CF7 /* coffee_shop */ = {
			isa = PBXNativeTarget;
			buildConfigurationList = 3355802F2B7F5E3000974CF7 /* Build configuration list for PBXNativeTarget "coffee_shop" */;
			buildPhases = (
				335580012B7F5E2F00974CF7 /* Sources */,
				335580022B7F5E2F00974CF7 /* Frameworks */,
				335580032B7F5E2F00974CF7 /* Resources */,
			);
			buildRules = (
			);
			dependencies = (
			);
			name = coffee_shop;
			productName = coffee_shop;
			productReference = 335580052B7F5E2F00974CF7 /* coffee_shop.app */;
			productType = "com.apple.product-type.application";
		};
		3355801A2B7F5E3000974CF7 /* coffee_shopTests */ = {
			isa = PBXNativeTarget;
			buildConfigurationList = 335580322B7F5E3000974CF7 /* Build configuration list for PBXNativeTarget "coffee_shopTests" */;
			buildPhases = (
				335580172B7F5E3000974CF7 /* Sources */,
				335580182B7F5E3000974CF7 /* Frameworks */,
				335580192B7F5E3000974CF7 /* Resources */,
			);
			buildRules = (
			);
			dependencies = (
				3355801D2B7F5E3000974CF7 /* PBXTargetDependency */,
			);
			name = coffee_shopTests;
			productName = coffee_shopTests;
			productReference = 3355801B2B7F5E3000974CF7 /* coffee_shopTests.xctest */;
			productType = "com.apple.product-type.bundle.unit-test";
		};
		335580242B7F5E3000974CF7 /* coffee_shopUITests */ = {
			isa = PBXNativeTarget;
			buildConfigurationList = 335580352B7F5E3000974CF7 /* Build configuration list for PBXNativeTarget "coffee_shopUITests" */;
			buildPhases = (
				335580212B7F5E3000974CF7 /* Sources */,
				335580222B7F5E3000974CF7 /* Frameworks */,
				335580232B7F5E3000974CF7 /* Resources */,
			);
			buildRules = (
			);
			dependencies = (
				335580272B7F5E3000974CF7 /* PBXTargetDependency */,
			);
			name = coffee_shopUITests;
			productName = coffee_shopUITests;
			productReference = 335580252B7F5E3000974CF7 /* coffee_shopUITests.xctest */;
			productType = "com.apple.product-type.bundle.ui-testing";
		};
/* End PBXNativeTarget section */

/* Begin PBXProject section */
		33557FFD2B7F5E2F00974CF7 /* Project object */ = {
			isa = PBXProject;
			attributes = {
				BuildIndependentTargetsInParallel = 1;
				LastSwiftUpdateCheck = 1500;
				LastUpgradeCheck = 1500;
				TargetAttributes = {
					335580042B7F5E2F00974CF7 = {
						CreatedOnToolsVersion = 15.0;
					};
					3355801A2B7F5E3000974CF7 = {
						CreatedOnToolsVersion = 15.0;
						TestTargetID = 335580042B7F5E2F00974CF7;
					};
					335580242B7F5E3000974CF7 = {
						CreatedOnToolsVersion = 15.0;
						TestTargetID = 335580042B7F5E2F00974CF7;
					};
				};
			};
			buildConfigurationList = 335580002B7F5E2F00974CF7 /* Build configuration list for PBXProject "coffee_shop" */;
			compatibilityVersion = "Xcode 14.0";
			developmentRegion = en;
			hasScannedForEncodings = 0;
			knownRegions = (
				en,
				Base,
			);
			mainGroup = 33557FFC2B7F5E2F00974CF7;
			productRefGroup = 335580062B7F5E2F00974CF7 /* Products */;
			projectDirPath = "";
			projectRoot = "";
			targets = (
				335580042B7F5E2F00974CF7 /* coffee_shop */,
				3355801A2B7F5E3000974CF7 /* coffee_shopTests */,
				335580242B7F5E3000974CF7 /* coffee_shopUITests */,
			);
		};
/* End PBXProject section */

/* Begin PBXResourcesBuildPhase section */
		335580032B7F5E2F00974CF7 /* Resources */ = {
			isa = PBXResourcesBuildPhase;
			buildActionMask = 2147483647;
			files = (
				335580152B7F5E3000974CF7 /* LaunchScreen.storyboard in Resources */,
				335580122B7F5E3000974CF7 /* Assets.xcassets in Resources */,
				3355804B2B7F63F400974CF7 /* OnboardViewController.storyboard in Resources */,
				335580102B7F5E2F00974CF7 /* Main.storyboard in Resources */,
			);
			runOnlyForDeploymentPostprocessing = 0;
		};
		335580192B7F5E3000974CF7 /* Resources */ = {
			isa = PBXResourcesBuildPhase;
			buildActionMask = 2147483647;
			files = (
			);
			runOnlyForDeploymentPostprocessing = 0;
		};
		335580232B7F5E3000974CF7 /* Resources */ = {
			isa = PBXResourcesBuildPhase;
			buildActionMask = 2147483647;
			files = (
			);
			runOnlyForDeploymentPostprocessing = 0;
		};
/* End PBXResourcesBuildPhase section */

/* Begin PBXSourcesBuildPhase section */
		335580012B7F5E2F00974CF7 /* Sources */ = {
			isa = PBXSourcesBuildPhase;
			buildActionMask = 2147483647;
			files = (
				C0D90CAB2B98183A000238B5 /* OrderViewController+OrderDelivery.swift in Sources */,
				C0E230562BA14D51004C902D /* DeliveryViewController+Actions.swift in Sources */,
				C0C4CE112B84ADC100C5A5CA /* MenuTabViewController+CoffeeMenu.swift in Sources */,
				C0B95B4F2B95CAA200DDB471 /* DetailViewController+Divider.swift in Sources */,
				C0F5D28E2B8C6BF4006EB2D1 /* ItemCoffeeView.swift in Sources */,
				C0D8E1352BA0156C004CC8D2 /* AnnotationUserView.swift in Sources */,
				C0C4CE0D2B84AD8700C5A5CA /* MenuTabViewController+Location+Avatar.swift in Sources */,
				C0F5D28B2B8C34E5006EB2D1 /* CoffeeMenu.swift in Sources */,
				C0D8E1372BA01694004CC8D2 /* AnnotationShipperView.swift in Sources */,
				335580432B7F616400974CF7 /* HomeViewController.swift in Sources */,
				C0C4CE0F2B84ADAC00C5A5CA /* MenuTabViewController+Promote.swift in Sources */,
				3355800D2B7F5E2F00974CF7 /* ViewController.swift in Sources */,
				C0F5D2912B8CA0AC006EB2D1 /* ListCoffeeOption.swift in Sources */,
				335580492B7F619D00974CF7 /* DeliveryViewController.swift in Sources */,
				C0B95B4D2B95BF1400DDB471 /* DetailViewController+Coffee.swift in Sources */,
				C0D90CAF2B988069000238B5 /* OrderViewController+CoffeeNumber.swift in Sources */,
				C0D8E1322BA00F85004CC8D2 /* ShipperAnnotation.swift in Sources */,
				335580092B7F5E2F00974CF7 /* AppDelegate.swift in Sources */,
				C0E934272B96D4B400C544D7 /* DetailViewController+Ratings.swift in Sources */,
				C0B95B4B2B9569F600DDB471 /* DetailViewController+Price.swift in Sources */,
				338F05802B833FF700123EA3 /* MenuTabViewController.swift in Sources */,
				C0D1B20A2B9973350085AD51 /* OrderViewController+TotalPayment.swift in Sources */,
				C0D1B2082B996DF70085AD51 /* OrderViewController+Discount.swift in Sources */,
				335580472B7F619000974CF7 /* OrderViewController.swift in Sources */,
				C0E934292B96FFFD00C544D7 /* DetailViewController+DescriptionCoffee.swift in Sources */,
				C0D90CAD2B98732F000238B5 /* OrderViewController+Address.swift in Sources */,
				C0E9342B2B97076D00C544D7 /* DetailViewController+Size.swift in Sources */,
				C0F5D2892B8C341A006EB2D1 /* CoffeeCategory.swift in Sources */,
				335580452B7F618300974CF7 /* DetailViewController.swift in Sources */,
				335580412B7F614A00974CF7 /* OnboardViewController.swift in Sources */,
				C0D1B20C2B99BC850085AD51 /* DeliveryTrackingViewController.swift in Sources */,
				3355800B2B7F5E2F00974CF7 /* SceneDelegate.swift in Sources */,
				C0C4CE0B2B84AD4C00C5A5CA /* MenuTabViewController+SearchBar.swift in Sources */,
			);
			runOnlyForDeploymentPostprocessing = 0;
		};
		335580172B7F5E3000974CF7 /* Sources */ = {
			isa = PBXSourcesBuildPhase;
			buildActionMask = 2147483647;
			files = (
				335580202B7F5E3000974CF7 /* coffee_shopTests.swift in Sources */,
			);
			runOnlyForDeploymentPostprocessing = 0;
		};
		335580212B7F5E3000974CF7 /* Sources */ = {
			isa = PBXSourcesBuildPhase;
			buildActionMask = 2147483647;
			files = (
				3355802C2B7F5E3000974CF7 /* coffee_shopUITestsLaunchTests.swift in Sources */,
				3355802A2B7F5E3000974CF7 /* coffee_shopUITests.swift in Sources */,
			);
			runOnlyForDeploymentPostprocessing = 0;
		};
/* End PBXSourcesBuildPhase section */

/* Begin PBXTargetDependency section */
		3355801D2B7F5E3000974CF7 /* PBXTargetDependency */ = {
			isa = PBXTargetDependency;
			target = 335580042B7F5E2F00974CF7 /* coffee_shop */;
			targetProxy = 3355801C2B7F5E3000974CF7 /* PBXContainerItemProxy */;
		};
		335580272B7F5E3000974CF7 /* PBXTargetDependency */ = {
			isa = PBXTargetDependency;
			target = 335580042B7F5E2F00974CF7 /* coffee_shop */;
			targetProxy = 335580262B7F5E3000974CF7 /* PBXContainerItemProxy */;
		};
/* End PBXTargetDependency section */

/* Begin PBXVariantGroup section */
		3355800E2B7F5E2F00974CF7 /* Main.storyboard */ = {
			isa = PBXVariantGroup;
			children = (
				3355800F2B7F5E2F00974CF7 /* Base */,
			);
			name = Main.storyboard;
			sourceTree = "<group>";
		};
		335580132B7F5E3000974CF7 /* LaunchScreen.storyboard */ = {
			isa = PBXVariantGroup;
			children = (
				335580142B7F5E3000974CF7 /* Base */,
			);
			name = LaunchScreen.storyboard;
			sourceTree = "<group>";
		};
/* End PBXVariantGroup section */

/* Begin XCBuildConfiguration section */
		3355802D2B7F5E3000974CF7 /* Debug */ = {
			isa = XCBuildConfiguration;
			buildSettings = {
				ALWAYS_SEARCH_USER_PATHS = NO;
				ASSETCATALOG_COMPILER_GENERATE_SWIFT_ASSET_SYMBOL_EXTENSIONS = YES;
				CLANG_ANALYZER_NONNULL = YES;
				CLANG_ANALYZER_NUMBER_OBJECT_CONVERSION = YES_AGGRESSIVE;
				CLANG_CXX_LANGUAGE_STANDARD = "gnu++20";
				CLANG_ENABLE_MODULES = YES;
				CLANG_ENABLE_OBJC_ARC = YES;
				CLANG_ENABLE_OBJC_WEAK = YES;
				CLANG_WARN_BLOCK_CAPTURE_AUTORELEASING = YES;
				CLANG_WARN_BOOL_CONVERSION = YES;
				CLANG_WARN_COMMA = YES;
				CLANG_WARN_CONSTANT_CONVERSION = YES;
				CLANG_WARN_DEPRECATED_OBJC_IMPLEMENTATIONS = YES;
				CLANG_WARN_DIRECT_OBJC_ISA_USAGE = YES_ERROR;
				CLANG_WARN_DOCUMENTATION_COMMENTS = YES;
				CLANG_WARN_EMPTY_BODY = YES;
				CLANG_WARN_ENUM_CONVERSION = YES;
				CLANG_WARN_INFINITE_RECURSION = YES;
				CLANG_WARN_INT_CONVERSION = YES;
				CLANG_WARN_NON_LITERAL_NULL_CONVERSION = YES;
				CLANG_WARN_OBJC_IMPLICIT_RETAIN_SELF = YES;
				CLANG_WARN_OBJC_LITERAL_CONVERSION = YES;
				CLANG_WARN_OBJC_ROOT_CLASS = YES_ERROR;
				CLANG_WARN_QUOTED_INCLUDE_IN_FRAMEWORK_HEADER = YES;
				CLANG_WARN_RANGE_LOOP_ANALYSIS = YES;
				CLANG_WARN_STRICT_PROTOTYPES = YES;
				CLANG_WARN_SUSPICIOUS_MOVE = YES;
				CLANG_WARN_UNGUARDED_AVAILABILITY = YES_AGGRESSIVE;
				CLANG_WARN_UNREACHABLE_CODE = YES;
				CLANG_WARN__DUPLICATE_METHOD_MATCH = YES;
				COPY_PHASE_STRIP = NO;
				DEBUG_INFORMATION_FORMAT = dwarf;
				ENABLE_STRICT_OBJC_MSGSEND = YES;
				ENABLE_TESTABILITY = YES;
				ENABLE_USER_SCRIPT_SANDBOXING = YES;
				GCC_C_LANGUAGE_STANDARD = gnu17;
				GCC_DYNAMIC_NO_PIC = NO;
				GCC_NO_COMMON_BLOCKS = YES;
				GCC_OPTIMIZATION_LEVEL = 0;
				GCC_PREPROCESSOR_DEFINITIONS = (
					"DEBUG=1",
					"$(inherited)",
				);
				GCC_WARN_64_TO_32_BIT_CONVERSION = YES;
				GCC_WARN_ABOUT_RETURN_TYPE = YES_ERROR;
				GCC_WARN_UNDECLARED_SELECTOR = YES;
				GCC_WARN_UNINITIALIZED_AUTOS = YES_AGGRESSIVE;
				GCC_WARN_UNUSED_FUNCTION = YES;
				GCC_WARN_UNUSED_VARIABLE = YES;
				IPHONEOS_DEPLOYMENT_TARGET = 17.0;
				LOCALIZATION_PREFERS_STRING_CATALOGS = YES;
				MTL_ENABLE_DEBUG_INFO = INCLUDE_SOURCE;
				MTL_FAST_MATH = YES;
				ONLY_ACTIVE_ARCH = YES;
				SDKROOT = iphoneos;
				SWIFT_ACTIVE_COMPILATION_CONDITIONS = "DEBUG $(inherited)";
				SWIFT_OPTIMIZATION_LEVEL = "-Onone";
			};
			name = Debug;
		};
		3355802E2B7F5E3000974CF7 /* Release */ = {
			isa = XCBuildConfiguration;
			buildSettings = {
				ALWAYS_SEARCH_USER_PATHS = NO;
				ASSETCATALOG_COMPILER_GENERATE_SWIFT_ASSET_SYMBOL_EXTENSIONS = YES;
				CLANG_ANALYZER_NONNULL = YES;
				CLANG_ANALYZER_NUMBER_OBJECT_CONVERSION = YES_AGGRESSIVE;
				CLANG_CXX_LANGUAGE_STANDARD = "gnu++20";
				CLANG_ENABLE_MODULES = YES;
				CLANG_ENABLE_OBJC_ARC = YES;
				CLANG_ENABLE_OBJC_WEAK = YES;
				CLANG_WARN_BLOCK_CAPTURE_AUTORELEASING = YES;
				CLANG_WARN_BOOL_CONVERSION = YES;
				CLANG_WARN_COMMA = YES;
				CLANG_WARN_CONSTANT_CONVERSION = YES;
				CLANG_WARN_DEPRECATED_OBJC_IMPLEMENTATIONS = YES;
				CLANG_WARN_DIRECT_OBJC_ISA_USAGE = YES_ERROR;
				CLANG_WARN_DOCUMENTATION_COMMENTS = YES;
				CLANG_WARN_EMPTY_BODY = YES;
				CLANG_WARN_ENUM_CONVERSION = YES;
				CLANG_WARN_INFINITE_RECURSION = YES;
				CLANG_WARN_INT_CONVERSION = YES;
				CLANG_WARN_NON_LITERAL_NULL_CONVERSION = YES;
				CLANG_WARN_OBJC_IMPLICIT_RETAIN_SELF = YES;
				CLANG_WARN_OBJC_LITERAL_CONVERSION = YES;
				CLANG_WARN_OBJC_ROOT_CLASS = YES_ERROR;
				CLANG_WARN_QUOTED_INCLUDE_IN_FRAMEWORK_HEADER = YES;
				CLANG_WARN_RANGE_LOOP_ANALYSIS = YES;
				CLANG_WARN_STRICT_PROTOTYPES = YES;
				CLANG_WARN_SUSPICIOUS_MOVE = YES;
				CLANG_WARN_UNGUARDED_AVAILABILITY = YES_AGGRESSIVE;
				CLANG_WARN_UNREACHABLE_CODE = YES;
				CLANG_WARN__DUPLICATE_METHOD_MATCH = YES;
				COPY_PHASE_STRIP = NO;
				DEBUG_INFORMATION_FORMAT = "dwarf-with-dsym";
				ENABLE_NS_ASSERTIONS = NO;
				ENABLE_STRICT_OBJC_MSGSEND = YES;
				ENABLE_USER_SCRIPT_SANDBOXING = YES;
				GCC_C_LANGUAGE_STANDARD = gnu17;
				GCC_NO_COMMON_BLOCKS = YES;
				GCC_WARN_64_TO_32_BIT_CONVERSION = YES;
				GCC_WARN_ABOUT_RETURN_TYPE = YES_ERROR;
				GCC_WARN_UNDECLARED_SELECTOR = YES;
				GCC_WARN_UNINITIALIZED_AUTOS = YES_AGGRESSIVE;
				GCC_WARN_UNUSED_FUNCTION = YES;
				GCC_WARN_UNUSED_VARIABLE = YES;
				IPHONEOS_DEPLOYMENT_TARGET = 17.0;
				LOCALIZATION_PREFERS_STRING_CATALOGS = YES;
				MTL_ENABLE_DEBUG_INFO = NO;
				MTL_FAST_MATH = YES;
				SDKROOT = iphoneos;
				SWIFT_COMPILATION_MODE = wholemodule;
				VALIDATE_PRODUCT = YES;
			};
			name = Release;
		};
		335580302B7F5E3000974CF7 /* Debug */ = {
			isa = XCBuildConfiguration;
			buildSettings = {
				ASSETCATALOG_COMPILER_APPICON_NAME = AppIcon;
				ASSETCATALOG_COMPILER_GLOBAL_ACCENT_COLOR_NAME = AccentColor;
				CODE_SIGN_ENTITLEMENTS = coffee_shop/coffee_shop.entitlements;
				CODE_SIGN_STYLE = Automatic;
				CURRENT_PROJECT_VERSION = 1;
				DEVELOPMENT_TEAM = JP4GTGBCRS;
				GENERATE_INFOPLIST_FILE = YES;
				INFOPLIST_FILE = coffee_shop/Info.plist;
				INFOPLIST_KEY_UIApplicationSupportsIndirectInputEvents = YES;
				INFOPLIST_KEY_UILaunchStoryboardName = LaunchScreen;
				INFOPLIST_KEY_UIMainStoryboardFile = Main;
				INFOPLIST_KEY_UISupportedInterfaceOrientations_iPad = "UIInterfaceOrientationPortrait UIInterfaceOrientationPortraitUpsideDown UIInterfaceOrientationLandscapeLeft UIInterfaceOrientationLandscapeRight";
				INFOPLIST_KEY_UISupportedInterfaceOrientations_iPhone = "UIInterfaceOrientationPortrait UIInterfaceOrientationLandscapeLeft UIInterfaceOrientationLandscapeRight";
				LD_RUNPATH_SEARCH_PATHS = (
					"$(inherited)",
					"@executable_path/Frameworks",
				);
				MARKETING_VERSION = 1.0;
				PRODUCT_BUNDLE_IDENTIFIER = "com.lightup.coffeeshop.coffee-shop";
				PRODUCT_NAME = "$(TARGET_NAME)";
				SWIFT_EMIT_LOC_STRINGS = YES;
				SWIFT_VERSION = 5.0;
				TARGETED_DEVICE_FAMILY = "1,2";
			};
			name = Debug;
		};
		335580312B7F5E3000974CF7 /* Release */ = {
			isa = XCBuildConfiguration;
			buildSettings = {
				ASSETCATALOG_COMPILER_APPICON_NAME = AppIcon;
				ASSETCATALOG_COMPILER_GLOBAL_ACCENT_COLOR_NAME = AccentColor;
				CODE_SIGN_ENTITLEMENTS = coffee_shop/coffee_shop.entitlements;
				CODE_SIGN_STYLE = Automatic;
				CURRENT_PROJECT_VERSION = 1;
				DEVELOPMENT_TEAM = JP4GTGBCRS;
				GENERATE_INFOPLIST_FILE = YES;
				INFOPLIST_FILE = coffee_shop/Info.plist;
				INFOPLIST_KEY_UIApplicationSupportsIndirectInputEvents = YES;
				INFOPLIST_KEY_UILaunchStoryboardName = LaunchScreen;
				INFOPLIST_KEY_UIMainStoryboardFile = Main;
				INFOPLIST_KEY_UISupportedInterfaceOrientations_iPad = "UIInterfaceOrientationPortrait UIInterfaceOrientationPortraitUpsideDown UIInterfaceOrientationLandscapeLeft UIInterfaceOrientationLandscapeRight";
				INFOPLIST_KEY_UISupportedInterfaceOrientations_iPhone = "UIInterfaceOrientationPortrait UIInterfaceOrientationLandscapeLeft UIInterfaceOrientationLandscapeRight";
				LD_RUNPATH_SEARCH_PATHS = (
					"$(inherited)",
					"@executable_path/Frameworks",
				);
				MARKETING_VERSION = 1.0;
				PRODUCT_BUNDLE_IDENTIFIER = "com.lightup.coffeeshop.coffee-shop";
				PRODUCT_NAME = "$(TARGET_NAME)";
				SWIFT_EMIT_LOC_STRINGS = YES;
				SWIFT_VERSION = 5.0;
				TARGETED_DEVICE_FAMILY = "1,2";
			};
			name = Release;
		};
		335580332B7F5E3000974CF7 /* Debug */ = {
			isa = XCBuildConfiguration;
			buildSettings = {
				ALWAYS_EMBED_SWIFT_STANDARD_LIBRARIES = YES;
				BUNDLE_LOADER = "$(TEST_HOST)";
				CODE_SIGN_STYLE = Automatic;
				CURRENT_PROJECT_VERSION = 1;
				DEVELOPMENT_TEAM = JP4GTGBCRS;
				GENERATE_INFOPLIST_FILE = YES;
				IPHONEOS_DEPLOYMENT_TARGET = 17.0;
				MARKETING_VERSION = 1.0;
				PRODUCT_BUNDLE_IDENTIFIER = "com.lightup.coffeeshop.coffee-shopTests";
				PRODUCT_NAME = "$(TARGET_NAME)";
				SWIFT_EMIT_LOC_STRINGS = NO;
				SWIFT_VERSION = 5.0;
				TARGETED_DEVICE_FAMILY = "1,2";
				TEST_HOST = "$(BUILT_PRODUCTS_DIR)/coffee_shop.app/$(BUNDLE_EXECUTABLE_FOLDER_PATH)/coffee_shop";
			};
			name = Debug;
		};
		335580342B7F5E3000974CF7 /* Release */ = {
			isa = XCBuildConfiguration;
			buildSettings = {
				ALWAYS_EMBED_SWIFT_STANDARD_LIBRARIES = YES;
				BUNDLE_LOADER = "$(TEST_HOST)";
				CODE_SIGN_STYLE = Automatic;
				CURRENT_PROJECT_VERSION = 1;
				DEVELOPMENT_TEAM = JP4GTGBCRS;
				GENERATE_INFOPLIST_FILE = YES;
				IPHONEOS_DEPLOYMENT_TARGET = 17.0;
				MARKETING_VERSION = 1.0;
				PRODUCT_BUNDLE_IDENTIFIER = "com.lightup.coffeeshop.coffee-shopTests";
				PRODUCT_NAME = "$(TARGET_NAME)";
				SWIFT_EMIT_LOC_STRINGS = NO;
				SWIFT_VERSION = 5.0;
				TARGETED_DEVICE_FAMILY = "1,2";
				TEST_HOST = "$(BUILT_PRODUCTS_DIR)/coffee_shop.app/$(BUNDLE_EXECUTABLE_FOLDER_PATH)/coffee_shop";
			};
			name = Release;
		};
		335580362B7F5E3000974CF7 /* Debug */ = {
			isa = XCBuildConfiguration;
			buildSettings = {
				ALWAYS_EMBED_SWIFT_STANDARD_LIBRARIES = YES;
				CODE_SIGN_STYLE = Automatic;
				CURRENT_PROJECT_VERSION = 1;
				DEVELOPMENT_TEAM = JP4GTGBCRS;
				GENERATE_INFOPLIST_FILE = YES;
				MARKETING_VERSION = 1.0;
				PRODUCT_BUNDLE_IDENTIFIER = "com.lightup.coffeeshop.coffee-shopUITests";
				PRODUCT_NAME = "$(TARGET_NAME)";
				SWIFT_EMIT_LOC_STRINGS = NO;
				SWIFT_VERSION = 5.0;
				TARGETED_DEVICE_FAMILY = "1,2";
				TEST_TARGET_NAME = coffee_shop;
			};
			name = Debug;
		};
		335580372B7F5E3000974CF7 /* Release */ = {
			isa = XCBuildConfiguration;
			buildSettings = {
				ALWAYS_EMBED_SWIFT_STANDARD_LIBRARIES = YES;
				CODE_SIGN_STYLE = Automatic;
				CURRENT_PROJECT_VERSION = 1;
				DEVELOPMENT_TEAM = JP4GTGBCRS;
				GENERATE_INFOPLIST_FILE = YES;
				MARKETING_VERSION = 1.0;
				PRODUCT_BUNDLE_IDENTIFIER = "com.lightup.coffeeshop.coffee-shopUITests";
				PRODUCT_NAME = "$(TARGET_NAME)";
				SWIFT_EMIT_LOC_STRINGS = NO;
				SWIFT_VERSION = 5.0;
				TARGETED_DEVICE_FAMILY = "1,2";
				TEST_TARGET_NAME = coffee_shop;
			};
			name = Release;
		};
/* End XCBuildConfiguration section */

/* Begin XCConfigurationList section */
		335580002B7F5E2F00974CF7 /* Build configuration list for PBXProject "coffee_shop" */ = {
			isa = XCConfigurationList;
			buildConfigurations = (
				3355802D2B7F5E3000974CF7 /* Debug */,
				3355802E2B7F5E3000974CF7 /* Release */,
			);
			defaultConfigurationIsVisible = 0;
			defaultConfigurationName = Release;
		};
		3355802F2B7F5E3000974CF7 /* Build configuration list for PBXNativeTarget "coffee_shop" */ = {
			isa = XCConfigurationList;
			buildConfigurations = (
				335580302B7F5E3000974CF7 /* Debug */,
				335580312B7F5E3000974CF7 /* Release */,
			);
			defaultConfigurationIsVisible = 0;
			defaultConfigurationName = Release;
		};
		335580322B7F5E3000974CF7 /* Build configuration list for PBXNativeTarget "coffee_shopTests" */ = {
			isa = XCConfigurationList;
			buildConfigurations = (
				335580332B7F5E3000974CF7 /* Debug */,
				335580342B7F5E3000974CF7 /* Release */,
			);
			defaultConfigurationIsVisible = 0;
			defaultConfigurationName = Release;
		};
		335580352B7F5E3000974CF7 /* Build configuration list for PBXNativeTarget "coffee_shopUITests" */ = {
			isa = XCConfigurationList;
			buildConfigurations = (
				335580362B7F5E3000974CF7 /* Debug */,
				335580372B7F5E3000974CF7 /* Release */,
			);
			defaultConfigurationIsVisible = 0;
			defaultConfigurationName = Release;
		};
/* End XCConfigurationList section */
	};
	rootObject = 33557FFD2B7F5E2F00974CF7 /* Project object */;
}
